PODS:
  - Foo (1.0.8)

DEPENDENCIES:
  - Foo (from `https://github.com/deepesh259nitk/mixedFramework.git`, tag `1.0.8`)

EXTERNAL SOURCES:
  Foo:
    :git: https://github.com/deepesh259nitk/mixedFramework.git
    :tag: 1.0.8

CHECKOUT OPTIONS:
  Foo:
    :git: https://github.com/deepesh259nitk/mixedFramework.git
    :tag: 1.0.8

SPEC CHECKSUMS:
  Foo: 49c26a6b38e191ae9a6cc7da18363cccd850c54e

PODFILE CHECKSUM: b4a2509c5142e57e6e7e28646a95626ce4f316c0

COCOAPODS: 1.6.0.beta.2
